
Microsoft Visual Studio Solution File, Format Version 12.00
Project("{FAE04EC0-301F-11D3-BF4B-00C04F79EFBC}") = "CounterTask", "CounterTask\CounterTask.csproj", "{4B74A367-1D81-49DD-9169-F27F2BA9B57C}"
EndProject
Project("{FAE04EC0-301F-11D3-BF4B-00C04F79EFBC}") = "ShapeDrawer", "ShapeDrawer\ShapeDrawer.csproj", "{A4CD198E-1E6D-4000-9E06-C700683F53B7}"
EndProject
Project("{FAE04EC0-301F-11D3-BF4B-00C04F79EFBC}") = "QueueApplication", "QueueApplication\QueueApplication.csproj", "{AC5A8F1B-B7DC-41AA-A215-BE6ACC975C91}"
EndProject
Project("{FAE04EC0-301F-11D3-BF4B-00C04F79EFBC}") = "TestQueueApplication", "TestQueueApplication\TestQueueApplication.csproj", "{C6184569-5103-4A9A-A006-520CE1D059CF}"
EndProject
Global
	GlobalSection(SolutionConfigurationPlatforms) = preSolution
		Debug|Any CPU = Debug|Any CPU
		Release|Any CPU = Release|Any CPU
	EndGlobalSection
	GlobalSection(ProjectConfigurationPlatforms) = postSolution
		{4B74A367-1D81-49DD-9169-F27F2BA9B57C}.Debug|Any CPU.ActiveCfg = Debug|Any CPU
		{4B74A367-1D81-49DD-9169-F27F2BA9B57C}.Debug|Any CPU.Build.0 = Debug|Any CPU
		{4B74A367-1D81-49DD-9169-F27F2BA9B57C}.Release|Any CPU.ActiveCfg = Release|Any CPU
		{4B74A367-1D81-49DD-9169-F27F2BA9B57C}.Release|Any CPU.Build.0 = Release|Any CPU
		{A4CD198E-1E6D-4000-9E06-C700683F53B7}.Debug|Any CPU.ActiveCfg = Debug|Any CPU
		{A4CD198E-1E6D-4000-9E06-C700683F53B7}.Debug|Any CPU.Build.0 = Debug|Any CPU
		{A4CD198E-1E6D-4000-9E06-C700683F53B7}.Release|Any CPU.ActiveCfg = Release|Any CPU
		{A4CD198E-1E6D-4000-9E06-C700683F53B7}.Release|Any CPU.Build.0 = Release|Any CPU
		{AC5A8F1B-B7DC-41AA-A215-BE6ACC975C91}.Debug|Any CPU.ActiveCfg = Debug|Any CPU
		{AC5A8F1B-B7DC-41AA-A215-BE6ACC975C91}.Debug|Any CPU.Build.0 = Debug|Any CPU
		{AC5A8F1B-B7DC-41AA-A215-BE6ACC975C91}.Release|Any CPU.ActiveCfg = Release|Any CPU
		{AC5A8F1B-B7DC-41AA-A215-BE6ACC975C91}.Release|Any CPU.Build.0 = Release|Any CPU
		{C6184569-5103-4A9A-A006-520CE1D059CF}.Debug|Any CPU.ActiveCfg = Debug|Any CPU
		{C6184569-5103-4A9A-A006-520CE1D059CF}.Debug|Any CPU.Build.0 = Debug|Any CPU
		{C6184569-5103-4A9A-A006-520CE1D059CF}.Release|Any CPU.ActiveCfg = Release|Any CPU
		{C6184569-5103-4A9A-A006-520CE1D059CF}.Release|Any CPU.Build.0 = Release|Any CPU
	EndGlobalSection
EndGlobal
